{
  "nodes": {
    "apollo-zola": {
      "flake": false,
      "locked": {
        "lastModified": 1724709229,
        "narHash": "sha256-C7tzJQZt62ETlUjnp9zVnUAAI7q8TdiIXnMWWbBL4ac=",
        "owner": "robbins",
        "repo": "apollo-custom",
        "rev": "fca58065a72bdfe49582fc450551592a68a33f5a",
        "type": "github"
      },
      "original": {
        "owner": "robbins",
        "repo": "apollo-custom",
        "type": "github"
      }
    },
    "nixpkgs": {
      "locked": {
        "lastModified": 1672428209,
        "narHash": "sha256-eejhqkDz2cb2vc5VeaWphJz8UXNuoNoM8/Op8eWv2tQ=",
        "owner": "nixos",
        "repo": "nixpkgs",
        "rev": "293a28df6d7ff3dec1e61e37cc4ee6e6c0fb0847",
        "type": "github"
      },
      "original": {
        "owner": "nixos",
        "ref": "nixpkgs-unstable",
        "repo": "nixpkgs",
        "type": "github"
      }
    },
    "root": {
      "inputs": {
        "apollo-zola": "apollo-zola",
        "nixpkgs": "nixpkgs"
      }
    }
  },
  "root": "root",
  "version": 7
}
