{
  "nodes": {
    "nixpkgs": {
      "locked": {
        "lastModified": 1753432016,
        "narHash": "sha256-cnL5WWn/xkZoyH/03NNUS7QgW5vI7D1i74g48qplCvg=",
        "owner": "nixos",
        "repo": "nixpkgs",
        "rev": "6027c30c8e9810896b92429f0092f624f7b1aace",
        "type": "github"
      },
      "original": {
        "owner": "nixos",
        "ref": "nixpkgs-unstable",
        "repo": "nixpkgs",
        "type": "github"
      }
    },
    "root": {
      "inputs": {
        "nixpkgs": "nixpkgs",
        "serene-zola": "serene-zola"
      }
    },
    "serene-zola": {
      "flake": false,
      "locked": {
        "lastModified": 1760798732,
        "narHash": "sha256-AZBzLp3gWcufvDIj3Ra87zw3M3hFUz8SEF08tjEq4VQ=",
        "owner": "isunjn",
        "repo": "serene",
        "rev": "d13dc8def6257dadd911bc018699835b51c50951",
        "type": "github"
      },
      "original": {
        "owner": "isunjn",
        "repo": "serene",
        "type": "github"
      }
    }
  },
  "root": "root",
  "version": 7
}
